
Microsoft Visual Studio Solution File, Format Version 12.00
# Visual Studio Version 16
VisualStudioVersion = 16.0.30204.135
MinimumVisualStudioVersion = 10.0.40219.1
Project("{9A19103F-16F7-4668-BE54-9A1E7A4F7556}") = "Ira", "Ira\Ira.csproj", "{922BF178-4D4A-4EA9-9B31-81D1317798BA}"
EndProject
Project("{9A19103F-16F7-4668-BE54-9A1E7A4F7556}") = "Core", "Core\Core.csproj", "{C62D73F2-5AEC-4BD1-B70B-2B06957122C6}"
EndProject
Project("{9A19103F-16F7-4668-BE54-9A1E7A4F7556}") = "BL", "BL\BL.csproj", "{08E57C37-0ABD-475B-8280-4B8A369A71BA}"
EndProject
Project("{9A19103F-16F7-4668-BE54-9A1E7A4F7556}") = "Database", "Database\Database.csproj", "{EB2F22EE-04DC-4CB2-9685-60A6C3287A4E}"
EndProject
Global
	GlobalSection(SolutionConfigurationPlatforms) = preSolution
		Debug|Any CPU = Debug|Any CPU
		Release|Any CPU = Release|Any CPU
	EndGlobalSection
	GlobalSection(ProjectConfigurationPlatforms) = postSolution
		{922BF178-4D4A-4EA9-9B31-81D1317798BA}.Debug|Any CPU.ActiveCfg = Debug|Any CPU
		{922BF178-4D4A-4EA9-9B31-81D1317798BA}.Debug|Any CPU.Build.0 = Debug|Any CPU
		{922BF178-4D4A-4EA9-9B31-81D1317798BA}.Release|Any CPU.ActiveCfg = Release|Any CPU
		{922BF178-4D4A-4EA9-9B31-81D1317798BA}.Release|Any CPU.Build.0 = Release|Any CPU
		{C62D73F2-5AEC-4BD1-B70B-2B06957122C6}.Debug|Any CPU.ActiveCfg = Debug|Any CPU
		{C62D73F2-5AEC-4BD1-B70B-2B06957122C6}.Debug|Any CPU.Build.0 = Debug|Any CPU
		{C62D73F2-5AEC-4BD1-B70B-2B06957122C6}.Release|Any CPU.ActiveCfg = Release|Any CPU
		{C62D73F2-5AEC-4BD1-B70B-2B06957122C6}.Release|Any CPU.Build.0 = Release|Any CPU
		{08E57C37-0ABD-475B-8280-4B8A369A71BA}.Debug|Any CPU.ActiveCfg = Debug|Any CPU
		{08E57C37-0ABD-475B-8280-4B8A369A71BA}.Debug|Any CPU.Build.0 = Debug|Any CPU
		{08E57C37-0ABD-475B-8280-4B8A369A71BA}.Release|Any CPU.ActiveCfg = Release|Any CPU
		{08E57C37-0ABD-475B-8280-4B8A369A71BA}.Release|Any CPU.Build.0 = Release|Any CPU
		{EB2F22EE-04DC-4CB2-9685-60A6C3287A4E}.Debug|Any CPU.ActiveCfg = Debug|Any CPU
		{EB2F22EE-04DC-4CB2-9685-60A6C3287A4E}.Debug|Any CPU.Build.0 = Debug|Any CPU
		{EB2F22EE-04DC-4CB2-9685-60A6C3287A4E}.Release|Any CPU.ActiveCfg = Release|Any CPU
		{EB2F22EE-04DC-4CB2-9685-60A6C3287A4E}.Release|Any CPU.Build.0 = Release|Any CPU
	EndGlobalSection
	GlobalSection(SolutionProperties) = preSolution
		HideSolutionNode = FALSE
	EndGlobalSection
	GlobalSection(ExtensibilityGlobals) = postSolution
		SolutionGuid = {7D99C783-6648-48EA-BA79-88F9D0B0D326}
	EndGlobalSection
EndGlobal
